
Microsoft Visual Studio Solution File, Format Version 12.00
# Visual Studio 16
Project("{FAE04EC0-301F-11D3-BF4B-00C04F79EFBC}") = "Assembly-CSharp", "Assembly-CSharp.csproj", "{81B78F29-FB23-E072-E6F9-D5BA10DA5191}"
EndProject
Project("{FAE04EC0-301F-11D3-BF4B-00C04F79EFBC}") = "Assembly-CSharp-Editor", "Assembly-CSharp-Editor.csproj", "{9D227D89-03AC-15AF-E259-C3EE694819CB}"
EndProject
Global
	GlobalSection(SolutionConfigurationPlatforms) = preSolution
		Debug|Any CPU = Debug|Any CPU
		Release|Any CPU = Release|Any CPU
	EndGlobalSection
	GlobalSection(ProjectConfigurationPlatforms) = postSolution
		{81B78F29-FB23-E072-E6F9-D5BA10DA5191}.Debug|Any CPU.ActiveCfg = Debug|Any CPU
		{81B78F29-FB23-E072-E6F9-D5BA10DA5191}.Debug|Any CPU.Build.0 = Debug|Any CPU
		{81B78F29-FB23-E072-E6F9-D5BA10DA5191}.Release|Any CPU.ActiveCfg = Release|Any CPU
		{81B78F29-FB23-E072-E6F9-D5BA10DA5191}.Release|Any CPU.Build.0 = Release|Any CPU
		{9D227D89-03AC-15AF-E259-C3EE694819CB}.Debug|Any CPU.ActiveCfg = Debug|Any CPU
		{9D227D89-03AC-15AF-E259-C3EE694819CB}.Debug|Any CPU.Build.0 = Debug|Any CPU
		{9D227D89-03AC-15AF-E259-C3EE694819CB}.Release|Any CPU.ActiveCfg = Release|Any CPU
		{9D227D89-03AC-15AF-E259-C3EE694819CB}.Release|Any CPU.Build.0 = Release|Any CPU
	EndGlobalSection
	GlobalSection(SolutionProperties) = preSolution
		HideSolutionNode = FALSE
	EndGlobalSection
EndGlobal
